
Microsoft Visual Studio Solution File, Format Version 11.00
# Visual Studio 2010
Project("{8BC9CEB8-8B4A-11D0-8D11-00A0C91BC942}") = "DigitalImageProcessing", "DigitalImageProcessing\DigitalImageProcessing.vcxproj", "{7963AAE4-516C-4F1E-AA52-EED8802EF99B}"
EndProject
Global
	GlobalSection(SolutionConfigurationPlatforms) = preSolution
		Debug|Win32 = Debug|Win32
		Release|Win32 = Release|Win32
	EndGlobalSection
	GlobalSection(ProjectConfigurationPlatforms) = postSolution
		{7963AAE4-516C-4F1E-AA52-EED8802EF99B}.Debug|Win32.ActiveCfg = Debug|Win32
		{7963AAE4-516C-4F1E-AA52-EED8802EF99B}.Debug|Win32.Build.0 = Debug|Win32
		{7963AAE4-516C-4F1E-AA52-EED8802EF99B}.Release|Win32.ActiveCfg = Release|Win32
		{7963AAE4-516C-4F1E-AA52-EED8802EF99B}.Release|Win32.Build.0 = Release|Win32
	EndGlobalSection
	GlobalSection(SolutionProperties) = preSolution
		HideSolutionNode = FALSE
	EndGlobalSection
EndGlobal
