
Microsoft Visual Studio Solution File, Format Version 11.00
# Visual Studio 2010
Project("{8BC9CEB8-8B4A-11D0-8D11-00A0C91BC942}") = "vezba2", "vezba2.vcxproj", "{6D819FE0-0EAA-4FA5-9115-BABA805A5E9C}"
EndProject
Global
	GlobalSection(SolutionConfigurationPlatforms) = preSolution
		Debug|Win32 = Debug|Win32
		Release|Win32 = Release|Win32
	EndGlobalSection
	GlobalSection(ProjectConfigurationPlatforms) = postSolution
		{6D819FE0-0EAA-4FA5-9115-BABA805A5E9C}.Debug|Win32.ActiveCfg = Debug|Win32
		{6D819FE0-0EAA-4FA5-9115-BABA805A5E9C}.Debug|Win32.Build.0 = Debug|Win32
		{6D819FE0-0EAA-4FA5-9115-BABA805A5E9C}.Release|Win32.ActiveCfg = Release|Win32
		{6D819FE0-0EAA-4FA5-9115-BABA805A5E9C}.Release|Win32.Build.0 = Release|Win32
	EndGlobalSection
	GlobalSection(SolutionProperties) = preSolution
		HideSolutionNode = FALSE
	EndGlobalSection
EndGlobal
