<?xml version="1.0" encoding="utf-8"?>
<Project ToolsVersion="4.0" xmlns="http://schemas.microsoft.com/developer/msbuild/2003">
  <ItemGroup>
    <ClCompile Include="ResourceAllocation.cpp">
      <Filter>Source Files</Filter>
    </ClCompile>
    <ClCompile Include="Start.cpp">
      <Filter>Source Files</Filter>
    </ClCompile>
  </ItemGroup>
  <ItemGroup>
    <ClInclude Include="Constants.h">
      <Filter>Header Files</Filter>
    </ClInclude>
    <ClInclude Include="Instruction.h">
      <Filter>Header Files</Filter>
    </ClInclude>
    <ClInclude Include="InterferenceGraph.h">
      <Filter>Header Files</Filter>
    </ClInclude>
    <ClInclude Include="ResourceAllocation.h">
      <Filter>Header Files</Filter>
    </ClInclude>
    <ClInclude Include="Simplification.h">
      <Filter>Header Files</Filter>
    </ClInclude>
    <ClInclude Include="Types.h">
      <Filter>Header Files</Filter>
    </ClInclude>
    <ClInclude Include="Variable.h">
      <Filter>Header Files</Filter>
    </ClInclude>
    <ClInclude Include="auto_link.h">
      <Filter>Header Files</Filter>
    </ClInclude>
    <ClInclude Include="libLivnessAnalysis.h">
      <Filter>Header Files</Filter>
    </ClInclude>
    <ClInclude Include="libResourceAllocation.h">
      <Filter>Header Files</Filter>
    </ClInclude>
  </ItemGroup>
  <ItemGroup>
    <Filter Include="Header Files">
      <UniqueIdentifier>{ff6210fe-8dfe-4b96-b847-dd05eb17a330}</UniqueIdentifier>
    </Filter>
    <Filter Include="Source Files">
      <UniqueIdentifier>{b982f549-143b-43cd-ab10-82a756731665}</UniqueIdentifier>
    </Filter>
  </ItemGroup>
</Project>