
Microsoft Visual Studio Solution File, Format Version 11.00
# Visual Studio 2010
Project("{8BC9CEB8-8B4A-11D0-8D11-00A0C91BC942}") = "sequential", "sequential\sequential.vcxproj", "{2DFA4133-62AF-4296-8A1D-2427BC6E9A7E}"
EndProject
Project("{8BC9CEB8-8B4A-11D0-8D11-00A0C91BC942}") = "paralell", "paralell\paralell.vcxproj", "{A69F579E-71EA-4643-9509-6BD2C4060488}"
EndProject
Global
	GlobalSection(SolutionConfigurationPlatforms) = preSolution
		Debug|Win32 = Debug|Win32
		Release|Win32 = Release|Win32
	EndGlobalSection
	GlobalSection(ProjectConfigurationPlatforms) = postSolution
		{2DFA4133-62AF-4296-8A1D-2427BC6E9A7E}.Debug|Win32.ActiveCfg = Debug|Win32
		{2DFA4133-62AF-4296-8A1D-2427BC6E9A7E}.Debug|Win32.Build.0 = Debug|Win32
		{2DFA4133-62AF-4296-8A1D-2427BC6E9A7E}.Release|Win32.ActiveCfg = Release|Win32
		{2DFA4133-62AF-4296-8A1D-2427BC6E9A7E}.Release|Win32.Build.0 = Release|Win32
		{A69F579E-71EA-4643-9509-6BD2C4060488}.Debug|Win32.ActiveCfg = Debug|Win32
		{A69F579E-71EA-4643-9509-6BD2C4060488}.Debug|Win32.Build.0 = Debug|Win32
		{A69F579E-71EA-4643-9509-6BD2C4060488}.Release|Win32.ActiveCfg = Release|Win32
		{A69F579E-71EA-4643-9509-6BD2C4060488}.Release|Win32.Build.0 = Release|Win32
	EndGlobalSection
	GlobalSection(SolutionProperties) = preSolution
		HideSolutionNode = FALSE
	EndGlobalSection
EndGlobal
